
Microsoft Visual Studio Solution File, Format Version 12.00
Project("{FAE04EC0-301F-11D3-BF4B-00C04F79EFBC}") = "PowerBoss.Worker", "PowerBoss.Worker\PowerBoss.Worker.csproj", "{C09A8090-45E3-4765-A814-DD2469F05C80}"
EndProject
Project("{FAE04EC0-301F-11D3-BF4B-00C04F79EFBC}") = "PowerBoss.Infra.Api.Tesla.Tests", "PowerBoss.Infra.Api.Tesla.Tests\PowerBoss.Infra.Api.Tesla.Tests.csproj", "{9E1CB6C7-8340-4125-BBAD-69129C7598FD}"
EndProject
Project("{FAE04EC0-301F-11D3-BF4B-00C04F79EFBC}") = "PowerBoss.Infra.Api.Tesla", "PowerBoss.Infra.Api.Tesla\PowerBoss.Infra.Api.Tesla.csproj", "{A108F7BF-2EF1-4583-BE61-863F66268340}"
EndProject
Project("{2150E333-8FDC-42A3-9474-1A3956D46DE8}") = "SolutionItems", "SolutionItems", "{CA21A617-1E54-4DFC-AC4F-F7FCEF808F66}"
	ProjectSection(SolutionItems) = preProject
		.gitignore = .gitignore
	EndProjectSection
EndProject
Project("{FAE04EC0-301F-11D3-BF4B-00C04F79EFBC}") = "PowerBoss.Infra.Database.MongoDb", "PowerBoss.Infra.Database.MongoDb\PowerBoss.Infra.Database.MongoDb.csproj", "{9B0E7A10-E1A7-489E-AF42-F624A3675E56}"
EndProject
Project("{FAE04EC0-301F-11D3-BF4B-00C04F79EFBC}") = "PowerBoss.Domain.Tesla", "PowerBoss.Domain.Tesla\PowerBoss.Domain.Tesla.csproj", "{363D3594-2F38-44E4-B4B8-C62DD738BBD0}"
EndProject
Project("{2150E333-8FDC-42A3-9474-1A3956D46DE8}") = "Tests", "Tests", "{1C8B47D9-7424-4378-B9EB-DB738993C5B7}"
EndProject
Project("{FAE04EC0-301F-11D3-BF4B-00C04F79EFBC}") = "PowerBoss.Domain", "PowerBoss.Domain\PowerBoss.Domain.csproj", "{46557875-7291-4629-95AF-43F8125F234E}"
EndProject
Project("{FAE04EC0-301F-11D3-BF4B-00C04F79EFBC}") = "PowerBoss.Infra.Serial.Power", "PowerBoss.Infra.Serial.Power\PowerBoss.Infra.Serial.Power.csproj", "{B7B157DE-2670-4ED3-A07D-21EDE811862D}"
EndProject
Project("{FAE04EC0-301F-11D3-BF4B-00C04F79EFBC}") = "PowerBoss.Infra.Serial.Solar", "PowerBoss.Infra.Serial.Solar\PowerBoss.Infra.Serial.Solar.csproj", "{9429DA38-48A9-44C9-8388-7BCF9F164E04}"
EndProject
Project("{FAE04EC0-301F-11D3-BF4B-00C04F79EFBC}") = "PowerBoss.Infra.Serial.Solar.Tests", "PowerBoss.Infra.Serial.Solar.Tests\PowerBoss.Infra.Serial.Solar.Tests.csproj", "{DEA2501B-99A5-45CB-8C6C-5FE974C91C6A}"
EndProject
Global
	GlobalSection(SolutionConfigurationPlatforms) = preSolution
		Debug|Any CPU = Debug|Any CPU
		Release|Any CPU = Release|Any CPU
	EndGlobalSection
	GlobalSection(ProjectConfigurationPlatforms) = postSolution
		{C09A8090-45E3-4765-A814-DD2469F05C80}.Debug|Any CPU.ActiveCfg = Debug|Any CPU
		{C09A8090-45E3-4765-A814-DD2469F05C80}.Debug|Any CPU.Build.0 = Debug|Any CPU
		{C09A8090-45E3-4765-A814-DD2469F05C80}.Release|Any CPU.ActiveCfg = Release|Any CPU
		{C09A8090-45E3-4765-A814-DD2469F05C80}.Release|Any CPU.Build.0 = Release|Any CPU
		{9E1CB6C7-8340-4125-BBAD-69129C7598FD}.Debug|Any CPU.ActiveCfg = Debug|Any CPU
		{9E1CB6C7-8340-4125-BBAD-69129C7598FD}.Debug|Any CPU.Build.0 = Debug|Any CPU
		{9E1CB6C7-8340-4125-BBAD-69129C7598FD}.Release|Any CPU.ActiveCfg = Release|Any CPU
		{9E1CB6C7-8340-4125-BBAD-69129C7598FD}.Release|Any CPU.Build.0 = Release|Any CPU
		{A108F7BF-2EF1-4583-BE61-863F66268340}.Debug|Any CPU.ActiveCfg = Debug|Any CPU
		{A108F7BF-2EF1-4583-BE61-863F66268340}.Debug|Any CPU.Build.0 = Debug|Any CPU
		{A108F7BF-2EF1-4583-BE61-863F66268340}.Release|Any CPU.ActiveCfg = Release|Any CPU
		{A108F7BF-2EF1-4583-BE61-863F66268340}.Release|Any CPU.Build.0 = Release|Any CPU
		{9B0E7A10-E1A7-489E-AF42-F624A3675E56}.Debug|Any CPU.ActiveCfg = Debug|Any CPU
		{9B0E7A10-E1A7-489E-AF42-F624A3675E56}.Debug|Any CPU.Build.0 = Debug|Any CPU
		{9B0E7A10-E1A7-489E-AF42-F624A3675E56}.Release|Any CPU.ActiveCfg = Release|Any CPU
		{9B0E7A10-E1A7-489E-AF42-F624A3675E56}.Release|Any CPU.Build.0 = Release|Any CPU
		{363D3594-2F38-44E4-B4B8-C62DD738BBD0}.Debug|Any CPU.ActiveCfg = Debug|Any CPU
		{363D3594-2F38-44E4-B4B8-C62DD738BBD0}.Debug|Any CPU.Build.0 = Debug|Any CPU
		{363D3594-2F38-44E4-B4B8-C62DD738BBD0}.Release|Any CPU.ActiveCfg = Release|Any CPU
		{363D3594-2F38-44E4-B4B8-C62DD738BBD0}.Release|Any CPU.Build.0 = Release|Any CPU
		{46557875-7291-4629-95AF-43F8125F234E}.Debug|Any CPU.ActiveCfg = Debug|Any CPU
		{46557875-7291-4629-95AF-43F8125F234E}.Debug|Any CPU.Build.0 = Debug|Any CPU
		{46557875-7291-4629-95AF-43F8125F234E}.Release|Any CPU.ActiveCfg = Release|Any CPU
		{46557875-7291-4629-95AF-43F8125F234E}.Release|Any CPU.Build.0 = Release|Any CPU
		{B7B157DE-2670-4ED3-A07D-21EDE811862D}.Debug|Any CPU.ActiveCfg = Debug|Any CPU
		{B7B157DE-2670-4ED3-A07D-21EDE811862D}.Debug|Any CPU.Build.0 = Debug|Any CPU
		{B7B157DE-2670-4ED3-A07D-21EDE811862D}.Release|Any CPU.ActiveCfg = Release|Any CPU
		{B7B157DE-2670-4ED3-A07D-21EDE811862D}.Release|Any CPU.Build.0 = Release|Any CPU
		{9429DA38-48A9-44C9-8388-7BCF9F164E04}.Debug|Any CPU.ActiveCfg = Debug|Any CPU
		{9429DA38-48A9-44C9-8388-7BCF9F164E04}.Debug|Any CPU.Build.0 = Debug|Any CPU
		{9429DA38-48A9-44C9-8388-7BCF9F164E04}.Release|Any CPU.ActiveCfg = Release|Any CPU
		{9429DA38-48A9-44C9-8388-7BCF9F164E04}.Release|Any CPU.Build.0 = Release|Any CPU
		{DEA2501B-99A5-45CB-8C6C-5FE974C91C6A}.Debug|Any CPU.ActiveCfg = Debug|Any CPU
		{DEA2501B-99A5-45CB-8C6C-5FE974C91C6A}.Debug|Any CPU.Build.0 = Debug|Any CPU
		{DEA2501B-99A5-45CB-8C6C-5FE974C91C6A}.Release|Any CPU.ActiveCfg = Release|Any CPU
		{DEA2501B-99A5-45CB-8C6C-5FE974C91C6A}.Release|Any CPU.Build.0 = Release|Any CPU
	EndGlobalSection
	GlobalSection(NestedProjects) = preSolution
		{9E1CB6C7-8340-4125-BBAD-69129C7598FD} = {1C8B47D9-7424-4378-B9EB-DB738993C5B7}
		{DEA2501B-99A5-45CB-8C6C-5FE974C91C6A} = {1C8B47D9-7424-4378-B9EB-DB738993C5B7}
	EndGlobalSection
EndGlobal
